Microsoft Visual Studio Solution File, Format Version 12.00
# Visual Studio Version 17
VisualStudioVersion = 17.4.33213.308
MinimumVisualStudioVersion = 10.0.40219.1
Project("{9A19103F-16F7-4668-BE54-9A1E7A4F7556}") = "MuseDashModTools", "src\MuseDashModTools\MuseDashModTools.csproj", "{C1D206D1-E57C-415F-909D-84EAE4B43E36}"
EndProject
Project("{FAE04EC0-301F-11D3-BF4B-00C04F79EFBC}") = "MuseDashModTools.Generators", "src\MuseDashModTools.Generators\MuseDashModTools.Generators.csproj", "{5784F437-80AA-4AE5-A6E2-E4C80AF7F3AE}"
EndProject
Project("{9A19103F-16F7-4668-BE54-9A1E7A4F7556}") = "MuseDashModTools.Styles", "src\MuseDashModTools.Styles\MuseDashModTools.Styles.csproj", "{84D1B409-1EED-4BF4-B144-2C16FD216A91}"
EndProject
Project("{9A19103F-16F7-4668-BE54-9A1E7A4F7556}") = "MuseDashModTools.Updater", "src\MuseDashModTools.Updater\MuseDashModTools.Updater.csproj", "{32E03077-D3BA-4309-AAE8-1FFC2F22A238}"
EndProject
Project("{9A19103F-16F7-4668-BE54-9A1E7A4F7556}") = "MuseDashModTools.Tests", "tests\MuseDashModTools.Tests\MuseDashModTools.Tests.csproj", "{DAC8DAA0-003E-485C-8600-84F4B5B8CEA1}"
EndProject
Project("{2150E333-8FDC-42A3-9474-1A3956D46DE8}") = "Solution Items", "Solution Items", "{2A1FFFD8-F85F-4729-9990-57B2ED12D84E}"
	ProjectSection(SolutionItems) = preProject
		.editorconfig = .editorconfig
		.github\workflows\build.yml = .github\workflows\build.yml
		Directory.Build.props = Directory.Build.props
		Directory.Packages.props = Directory.Packages.props
		README.md = README.md
		Settings.XamlStyler = Settings.XamlStyler
	EndProjectSection
EndProject
Project("{2150E333-8FDC-42A3-9474-1A3956D46DE8}") = "tests", "tests", "{CF8C9C1F-2C69-408A-8819-D3F3242AFC24}"
EndProject
Project("{2150E333-8FDC-42A3-9474-1A3956D46DE8}") = "src", "src", "{362482F5-05F2-4963-85D8-33B67AF2DE72}"
EndProject
Project("{FAE04EC0-301F-11D3-BF4B-00C04F79EFBC}") = "MuseDashModTools.Generators.Tests", "tests\MuseDashModTools.Generators.Tests\MuseDashModTools.Generators.Tests.csproj", "{29C77E1D-C79C-419A-B820-47F2772B28A8}"
EndProject
Project("{FAE04EC0-301F-11D3-BF4B-00C04F79EFBC}") = "MuseDashModTools.Abstractions", "src\MuseDashModTools.Abstractions\MuseDashModTools.Abstractions.csproj", "{383E728F-3414-4C13-8C23-05FA3238282B}"
EndProject
Project("{FAE04EC0-301F-11D3-BF4B-00C04F79EFBC}") = "MuseDashModTools.Core", "src\MuseDashModTools.Core\MuseDashModTools.Core.csproj", "{930894CD-0974-451A-B429-5F526E9B6DFC}"
EndProject
Project("{FAE04EC0-301F-11D3-BF4B-00C04F79EFBC}") = "MuseDashModTools.Models", "src\MuseDashModTools.Models\MuseDashModTools.Models.csproj", "{C158B2CF-4EDF-4C81-96BE-20DE44303C38}"
EndProject
Project("{FAE04EC0-301F-11D3-BF4B-00C04F79EFBC}") = "MuseDashModTools.Localization", "src\MuseDashModTools.Localization\MuseDashModTools.Localization.csproj", "{73D761AD-9898-4F32-BF81-0798E441527A}"
EndProject
Project("{FAE04EC0-301F-11D3-BF4B-00C04F79EFBC}") = "MuseDashModTools.Common", "src\MuseDashModTools.Common\MuseDashModTools.Common.csproj", "{AFDDD358-DCB4-46C2-BFF3-66D9142E4ACC}"
EndProject
Project("{FAE04EC0-301F-11D3-BF4B-00C04F79EFBC}") = "MuseDashModTools.Core.Generators", "src\MuseDashModTools.Core.Generators\MuseDashModTools.Core.Generators.csproj", "{5F36B64A-7F4B-4898-AC3A-99A56CE913B8}"
EndProject
Project("{FAE04EC0-301F-11D3-BF4B-00C04F79EFBC}") = "MuseDashModTools.Desktop", "src\MuseDashModTools.Desktop\MuseDashModTools.Desktop.csproj", "{0D15C503-1F0A-40D1-B7C1-5AAD57D1059A}"
EndProject
Global
	GlobalSection(SolutionConfigurationPlatforms) = preSolution
		Debug|Any CPU = Debug|Any CPU
		Release|Any CPU = Release|Any CPU
	EndGlobalSection
	GlobalSection(ProjectConfigurationPlatforms) = postSolution
		{C1D206D1-E57C-415F-909D-84EAE4B43E36}.Debug|Any CPU.ActiveCfg = Debug|Any CPU
		{C1D206D1-E57C-415F-909D-84EAE4B43E36}.Debug|Any CPU.Build.0 = Debug|Any CPU
		{C1D206D1-E57C-415F-909D-84EAE4B43E36}.Release|Any CPU.ActiveCfg = Release|Any CPU
		{C1D206D1-E57C-415F-909D-84EAE4B43E36}.Release|Any CPU.Build.0 = Release|Any CPU
		{32E03077-D3BA-4309-AAE8-1FFC2F22A238}.Debug|Any CPU.ActiveCfg = Debug|Any CPU
		{32E03077-D3BA-4309-AAE8-1FFC2F22A238}.Debug|Any CPU.Build.0 = Debug|Any CPU
		{32E03077-D3BA-4309-AAE8-1FFC2F22A238}.Release|Any CPU.ActiveCfg = Release|Any CPU
		{32E03077-D3BA-4309-AAE8-1FFC2F22A238}.Release|Any CPU.Build.0 = Release|Any CPU
		{DAC8DAA0-003E-485C-8600-84F4B5B8CEA1}.Debug|Any CPU.ActiveCfg = Debug|Any CPU
		{DAC8DAA0-003E-485C-8600-84F4B5B8CEA1}.Debug|Any CPU.Build.0 = Debug|Any CPU
		{DAC8DAA0-003E-485C-8600-84F4B5B8CEA1}.Release|Any CPU.ActiveCfg = Release|Any CPU
		{DAC8DAA0-003E-485C-8600-84F4B5B8CEA1}.Release|Any CPU.Build.0 = Release|Any CPU
		{84D1B409-1EED-4BF4-B144-2C16FD216A91}.Debug|Any CPU.ActiveCfg = Debug|Any CPU
		{84D1B409-1EED-4BF4-B144-2C16FD216A91}.Debug|Any CPU.Build.0 = Debug|Any CPU
		{84D1B409-1EED-4BF4-B144-2C16FD216A91}.Release|Any CPU.ActiveCfg = Release|Any CPU
		{84D1B409-1EED-4BF4-B144-2C16FD216A91}.Release|Any CPU.Build.0 = Release|Any CPU
		{B5D6F8AF-601E-4EB5-8A85-64EE191141A3}.Debug|Any CPU.ActiveCfg = Debug|Any CPU
		{B5D6F8AF-601E-4EB5-8A85-64EE191141A3}.Debug|Any CPU.Build.0 = Debug|Any CPU
		{B5D6F8AF-601E-4EB5-8A85-64EE191141A3}.Release|Any CPU.ActiveCfg = Release|Any CPU
		{B5D6F8AF-601E-4EB5-8A85-64EE191141A3}.Release|Any CPU.Build.0 = Release|Any CPU
		{EEE1BF89-A8BE-4C1C-8685-C70EF25D9F72}.Debug|Any CPU.ActiveCfg = Debug|Any CPU
		{EEE1BF89-A8BE-4C1C-8685-C70EF25D9F72}.Debug|Any CPU.Build.0 = Debug|Any CPU
		{EEE1BF89-A8BE-4C1C-8685-C70EF25D9F72}.Release|Any CPU.ActiveCfg = Release|Any CPU
		{EEE1BF89-A8BE-4C1C-8685-C70EF25D9F72}.Release|Any CPU.Build.0 = Release|Any CPU
		{5784F437-80AA-4AE5-A6E2-E4C80AF7F3AE}.Debug|Any CPU.ActiveCfg = Debug|Any CPU
		{5784F437-80AA-4AE5-A6E2-E4C80AF7F3AE}.Debug|Any CPU.Build.0 = Debug|Any CPU
		{5784F437-80AA-4AE5-A6E2-E4C80AF7F3AE}.Release|Any CPU.ActiveCfg = Release|Any CPU
		{5784F437-80AA-4AE5-A6E2-E4C80AF7F3AE}.Release|Any CPU.Build.0 = Release|Any CPU
		{9EFDB9EF-3EEC-4B7F-96FD-194BB5483522}.Debug|Any CPU.ActiveCfg = Debug|Any CPU
		{9EFDB9EF-3EEC-4B7F-96FD-194BB5483522}.Debug|Any CPU.Build.0 = Debug|Any CPU
		{9EFDB9EF-3EEC-4B7F-96FD-194BB5483522}.Release|Any CPU.ActiveCfg = Release|Any CPU
		{9EFDB9EF-3EEC-4B7F-96FD-194BB5483522}.Release|Any CPU.Build.0 = Release|Any CPU
		{29C77E1D-C79C-419A-B820-47F2772B28A8}.Debug|Any CPU.ActiveCfg = Debug|Any CPU
		{29C77E1D-C79C-419A-B820-47F2772B28A8}.Debug|Any CPU.Build.0 = Debug|Any CPU
		{29C77E1D-C79C-419A-B820-47F2772B28A8}.Release|Any CPU.ActiveCfg = Release|Any CPU
		{29C77E1D-C79C-419A-B820-47F2772B28A8}.Release|Any CPU.Build.0 = Release|Any CPU
		{383E728F-3414-4C13-8C23-05FA3238282B}.Debug|Any CPU.ActiveCfg = Debug|Any CPU
		{383E728F-3414-4C13-8C23-05FA3238282B}.Debug|Any CPU.Build.0 = Debug|Any CPU
		{383E728F-3414-4C13-8C23-05FA3238282B}.Release|Any CPU.ActiveCfg = Release|Any CPU
		{383E728F-3414-4C13-8C23-05FA3238282B}.Release|Any CPU.Build.0 = Release|Any CPU
		{930894CD-0974-451A-B429-5F526E9B6DFC}.Debug|Any CPU.ActiveCfg = Debug|Any CPU
		{930894CD-0974-451A-B429-5F526E9B6DFC}.Debug|Any CPU.Build.0 = Debug|Any CPU
		{930894CD-0974-451A-B429-5F526E9B6DFC}.Release|Any CPU.ActiveCfg = Release|Any CPU
		{930894CD-0974-451A-B429-5F526E9B6DFC}.Release|Any CPU.Build.0 = Release|Any CPU
		{C158B2CF-4EDF-4C81-96BE-20DE44303C38}.Debug|Any CPU.ActiveCfg = Debug|Any CPU
		{C158B2CF-4EDF-4C81-96BE-20DE44303C38}.Debug|Any CPU.Build.0 = Debug|Any CPU
		{C158B2CF-4EDF-4C81-96BE-20DE44303C38}.Release|Any CPU.ActiveCfg = Release|Any CPU
		{C158B2CF-4EDF-4C81-96BE-20DE44303C38}.Release|Any CPU.Build.0 = Release|Any CPU
		{73D761AD-9898-4F32-BF81-0798E441527A}.Debug|Any CPU.ActiveCfg = Debug|Any CPU
		{73D761AD-9898-4F32-BF81-0798E441527A}.Debug|Any CPU.Build.0 = Debug|Any CPU
		{73D761AD-9898-4F32-BF81-0798E441527A}.Release|Any CPU.ActiveCfg = Release|Any CPU
		{73D761AD-9898-4F32-BF81-0798E441527A}.Release|Any CPU.Build.0 = Release|Any CPU
		{AFDDD358-DCB4-46C2-BFF3-66D9142E4ACC}.Debug|Any CPU.ActiveCfg = Debug|Any CPU
		{AFDDD358-DCB4-46C2-BFF3-66D9142E4ACC}.Debug|Any CPU.Build.0 = Debug|Any CPU
		{AFDDD358-DCB4-46C2-BFF3-66D9142E4ACC}.Release|Any CPU.ActiveCfg = Release|Any CPU
		{AFDDD358-DCB4-46C2-BFF3-66D9142E4ACC}.Release|Any CPU.Build.0 = Release|Any CPU
		{5F36B64A-7F4B-4898-AC3A-99A56CE913B8}.Debug|Any CPU.ActiveCfg = Debug|Any CPU
		{5F36B64A-7F4B-4898-AC3A-99A56CE913B8}.Debug|Any CPU.Build.0 = Debug|Any CPU
		{5F36B64A-7F4B-4898-AC3A-99A56CE913B8}.Release|Any CPU.ActiveCfg = Release|Any CPU
		{5F36B64A-7F4B-4898-AC3A-99A56CE913B8}.Release|Any CPU.Build.0 = Release|Any CPU
		{0D15C503-1F0A-40D1-B7C1-5AAD57D1059A}.Debug|Any CPU.ActiveCfg = Debug|Any CPU
		{0D15C503-1F0A-40D1-B7C1-5AAD57D1059A}.Debug|Any CPU.Build.0 = Debug|Any CPU
		{0D15C503-1F0A-40D1-B7C1-5AAD57D1059A}.Release|Any CPU.ActiveCfg = Release|Any CPU
		{0D15C503-1F0A-40D1-B7C1-5AAD57D1059A}.Release|Any CPU.Build.0 = Release|Any CPU
	EndGlobalSection
	GlobalSection(SolutionProperties) = preSolution
		HideSolutionNode = FALSE
	EndGlobalSection
	GlobalSection(ExtensibilityGlobals) = postSolution
		SolutionGuid = {DC5FAE10-6190-449A-A758-31157560176A}
	EndGlobalSection
	GlobalSection(NestedProjects) = preSolution
		{DAC8DAA0-003E-485C-8600-84F4B5B8CEA1} = {CF8C9C1F-2C69-408A-8819-D3F3242AFC24}
		{C1D206D1-E57C-415F-909D-84EAE4B43E36} = {362482F5-05F2-4963-85D8-33B67AF2DE72}
		{5784F437-80AA-4AE5-A6E2-E4C80AF7F3AE} = {362482F5-05F2-4963-85D8-33B67AF2DE72}
		{84D1B409-1EED-4BF4-B144-2C16FD216A91} = {362482F5-05F2-4963-85D8-33B67AF2DE72}
		{32E03077-D3BA-4309-AAE8-1FFC2F22A238} = {362482F5-05F2-4963-85D8-33B67AF2DE72}
		{29C77E1D-C79C-419A-B820-47F2772B28A8} = {CF8C9C1F-2C69-408A-8819-D3F3242AFC24}
		{383E728F-3414-4C13-8C23-05FA3238282B} = {362482F5-05F2-4963-85D8-33B67AF2DE72}
		{930894CD-0974-451A-B429-5F526E9B6DFC} = {362482F5-05F2-4963-85D8-33B67AF2DE72}
		{C158B2CF-4EDF-4C81-96BE-20DE44303C38} = {362482F5-05F2-4963-85D8-33B67AF2DE72}
		{73D761AD-9898-4F32-BF81-0798E441527A} = {362482F5-05F2-4963-85D8-33B67AF2DE72}
		{AFDDD358-DCB4-46C2-BFF3-66D9142E4ACC} = {362482F5-05F2-4963-85D8-33B67AF2DE72}
		{5F36B64A-7F4B-4898-AC3A-99A56CE913B8} = {362482F5-05F2-4963-85D8-33B67AF2DE72}
		{0D15C503-1F0A-40D1-B7C1-5AAD57D1059A} = {362482F5-05F2-4963-85D8-33B67AF2DE72}
	EndGlobalSection
EndGlobal
