
Microsoft Visual Studio Solution File, Format Version 12.00
# Visual Studio Version 17
VisualStudioVersion = 17.4.33213.308
MinimumVisualStudioVersion = 10.0.40219.1
Project("{9A19103F-16F7-4668-BE54-9A1E7A4F7556}") = "MuseDashModToolsUI", "MuseDashModToolsUI.csproj", "{C1D206D1-E57C-415F-909D-84EAE4B43E36}"
EndProject
Global
	GlobalSection(SolutionConfigurationPlatforms) = preSolution
		Debug|Any CPU = Debug|Any CPU
		Release|Any CPU = Release|Any CPU
	EndGlobalSection
	GlobalSection(ProjectConfigurationPlatforms) = postSolution
		{C1D206D1-E57C-415F-909D-84EAE4B43E36}.Debug|Any CPU.ActiveCfg = Debug|Any CPU
		{C1D206D1-E57C-415F-909D-84EAE4B43E36}.Debug|Any CPU.Build.0 = Debug|Any CPU
		{C1D206D1-E57C-415F-909D-84EAE4B43E36}.Release|Any CPU.ActiveCfg = Release|Any CPU
		{C1D206D1-E57C-415F-909D-84EAE4B43E36}.Release|Any CPU.Build.0 = Release|Any CPU
	EndGlobalSection
	GlobalSection(SolutionProperties) = preSolution
		HideSolutionNode = FALSE
	EndGlobalSection
	GlobalSection(ExtensibilityGlobals) = postSolution
		SolutionGuid = {DC5FAE10-6190-449A-A758-31157560176A}
	EndGlobalSection
EndGlobal
