Microsoft Visual Studio Solution File, Format Version 12.00
# Visual Studio Version 17
VisualStudioVersion = 17.4.33213.308
MinimumVisualStudioVersion = 10.0.40219.1
Project("{9A19103F-16F7-4668-BE54-9A1E7A4F7556}") = "MuseDashModToolsUI", "UI\MuseDashModToolsUI.csproj", "{C1D206D1-E57C-415F-909D-84EAE4B43E36}"
EndProject
Project("{9A19103F-16F7-4668-BE54-9A1E7A4F7556}") = "MuseDashModToolsUI.Updater", "Updater\MuseDashModToolsUI.Updater.csproj", "{32E03077-D3BA-4309-AAE8-1FFC2F22A238}"
EndProject
Project("{9A19103F-16F7-4668-BE54-9A1E7A4F7556}") = "MuseDashModToolsUI.Test", "UI.Test\MuseDashModToolsUI.Test.csproj", "{DAC8DAA0-003E-485C-8600-84F4B5B8CEA1}"
EndProject
Project("{9A19103F-16F7-4668-BE54-9A1E7A4F7556}") = "MuseDashModToolsUI.Styles", "Styles\MuseDashModToolsUI.Styles.csproj", "{84D1B409-1EED-4BF4-B144-2C16FD216A91}"
EndProject
Project("{2150E333-8FDC-42A3-9474-1A3956D46DE8}") = "Solution Items", "Solution Items", "{2A1FFFD8-F85F-4729-9990-57B2ED12D84E}"
	ProjectSection(SolutionItems) = preProject
		.editorconfig = .editorconfig
		.github\workflows\build.yml = .github\workflows\build.yml
		Directory.Build.props = Directory.Build.props
		Directory.Packages.props = Directory.Packages.props
		README.md = README.md
		Settings.XamlStyler = Settings.XamlStyler
	EndProjectSection
EndProject
Global
	GlobalSection(SolutionConfigurationPlatforms) = preSolution
		Debug|Any CPU = Debug|Any CPU
		Release|Any CPU = Release|Any CPU
	EndGlobalSection
	GlobalSection(ProjectConfigurationPlatforms) = postSolution
		{C1D206D1-E57C-415F-909D-84EAE4B43E36}.Debug|Any CPU.ActiveCfg = Debug|Any CPU
		{C1D206D1-E57C-415F-909D-84EAE4B43E36}.Debug|Any CPU.Build.0 = Debug|Any CPU
		{C1D206D1-E57C-415F-909D-84EAE4B43E36}.Release|Any CPU.ActiveCfg = Release|Any CPU
		{C1D206D1-E57C-415F-909D-84EAE4B43E36}.Release|Any CPU.Build.0 = Release|Any CPU
		{32E03077-D3BA-4309-AAE8-1FFC2F22A238}.Debug|Any CPU.ActiveCfg = Debug|Any CPU
		{32E03077-D3BA-4309-AAE8-1FFC2F22A238}.Debug|Any CPU.Build.0 = Debug|Any CPU
		{32E03077-D3BA-4309-AAE8-1FFC2F22A238}.Release|Any CPU.ActiveCfg = Release|Any CPU
		{32E03077-D3BA-4309-AAE8-1FFC2F22A238}.Release|Any CPU.Build.0 = Release|Any CPU
		{DAC8DAA0-003E-485C-8600-84F4B5B8CEA1}.Debug|Any CPU.ActiveCfg = Debug|Any CPU
		{DAC8DAA0-003E-485C-8600-84F4B5B8CEA1}.Debug|Any CPU.Build.0 = Debug|Any CPU
		{DAC8DAA0-003E-485C-8600-84F4B5B8CEA1}.Release|Any CPU.ActiveCfg = Release|Any CPU
		{DAC8DAA0-003E-485C-8600-84F4B5B8CEA1}.Release|Any CPU.Build.0 = Release|Any CPU
		{84D1B409-1EED-4BF4-B144-2C16FD216A91}.Debug|Any CPU.ActiveCfg = Debug|Any CPU
		{84D1B409-1EED-4BF4-B144-2C16FD216A91}.Debug|Any CPU.Build.0 = Debug|Any CPU
		{84D1B409-1EED-4BF4-B144-2C16FD216A91}.Release|Any CPU.ActiveCfg = Release|Any CPU
		{84D1B409-1EED-4BF4-B144-2C16FD216A91}.Release|Any CPU.Build.0 = Release|Any CPU
	EndGlobalSection
	GlobalSection(SolutionProperties) = preSolution
		HideSolutionNode = FALSE
	EndGlobalSection
	GlobalSection(ExtensibilityGlobals) = postSolution
		SolutionGuid = {DC5FAE10-6190-449A-A758-31157560176A}
	EndGlobalSection
EndGlobal
